// !$*UTF8*$!
{
	archiveVersion = 1;
	classes = {
	};
	objectVersion = 70;
	objects = {

/* Begin PBXBuildFile section */
		53327A39291B36AA6FAF3C03 /* Pods_MovieApp.framework in Frameworks */ = {isa = PBXBuildFile; fileRef = 041D32135A2FC9C990A762E5 /* Pods_MovieApp.framework */; };
		6A0135552EA4BA4400441703 /* MovieListCollectionViewCell.swift in Sources */ = {isa = PBXBuildFile; fileRef = 6A0135532EA4BA4400441703 /* MovieListCollectionViewCell.swift */; };
		6A0135562EA4BA4400441703 /* MovieListCollectionViewCell.xib in Resources */ = {isa = PBXBuildFile; fileRef = 6A0135542EA4BA4400441703 /* MovieListCollectionViewCell.xib */; };
		6A13368F2A2CB17D00191662 /* loginViewController.swift in Sources */ = {isa = PBXBuildFile; fileRef = 6A13368E2A2CB17D00191662 /* loginViewController.swift */; };
		6A234C3F2A2A2DCF00AB2503 /* DetailViewController.swift in Sources */ = {isa = PBXBuildFile; fileRef = 6A234C3E2A2A2DCF00AB2503 /* DetailViewController.swift */; };
		6A4B8BD32EA288B000934A7D /* Detail.storyboard in Resources */ = {isa = PBXBuildFile; fileRef = 6A4B8BD22EA288B000934A7D /* Detail.storyboard */; };
		6A76E1B92A277FF700E824E5 /* MoviesListViewController.swift in Sources */ = {isa = PBXBuildFile; fileRef = 6A76E1B82A277FF700E824E5 /* MoviesListViewController.swift */; };
		6A76E1BC2A277FF700E824E5 /* Main.storyboard in Resources */ = {isa = PBXBuildFile; fileRef = 6A76E1BA2A277FF700E824E5 /* Main.storyboard */; };
		6A76E1CC2A27A8C100E824E5 /* MovieModel.swift in Sources */ = {isa = PBXBuildFile; fileRef = 6A76E1CB2A27A8C100E824E5 /* MovieModel.swift */; };
		6AC2E2EC2EA2EA4100217758 /* MoviesList.storyboard in Resources */ = {isa = PBXBuildFile; fileRef = 6AC2E2EB2EA2EA4100217758 /* MoviesList.storyboard */; };
/* End PBXBuildFile section */

/* Begin PBXFileReference section */
		041D32135A2FC9C990A762E5 /* Pods_MovieApp.framework */ = {isa = PBXFileReference; explicitFileType = wrapper.framework; includeInIndex = 0; path = Pods_MovieApp.framework; sourceTree = BUILT_PRODUCTS_DIR; };
		55018C7F7BEF0204F511AD9B /* Pods-MovieApp.release.xcconfig */ = {isa = PBXFileReference; includeInIndex = 1; lastKnownFileType = text.xcconfig; name = "Pods-MovieApp.release.xcconfig"; path = "Target Support Files/Pods-MovieApp/Pods-MovieApp.release.xcconfig"; sourceTree = "<group>"; };
		6A01354A2EA4B9A000441703 /* Info.plist */ = {isa = PBXFileReference; lastKnownFileType = text.plist.xml; path = Info.plist; sourceTree = "<group>"; };
		6A0135532EA4BA4400441703 /* MovieListCollectionViewCell.swift */ = {isa = PBXFileReference; lastKnownFileType = sourcecode.swift; path = MovieListCollectionViewCell.swift; sourceTree = "<group>"; };
		6A0135542EA4BA4400441703 /* MovieListCollectionViewCell.xib */ = {isa = PBXFileReference; lastKnownFileType = file.xib; path = MovieListCollectionViewCell.xib; sourceTree = "<group>"; };
		6A13368E2A2CB17D00191662 /* loginViewController.swift */ = {isa = PBXFileReference; lastKnownFileType = sourcecode.swift; path = loginViewController.swift; sourceTree = "<group>"; };
		6A234C3E2A2A2DCF00AB2503 /* DetailViewController.swift */ = {isa = PBXFileReference; lastKnownFileType = sourcecode.swift; path = DetailViewController.swift; sourceTree = "<group>"; };
		6A4B8BD22EA288B000934A7D /* Detail.storyboard */ = {isa = PBXFileReference; lastKnownFileType = file.storyboard; path = Detail.storyboard; sourceTree = "<group>"; };
		6A76E1B12A277FF700E824E5 /* MovieApp.app */ = {isa = PBXFileReference; explicitFileType = wrapper.application; includeInIndex = 0; path = MovieApp.app; sourceTree = BUILT_PRODUCTS_DIR; };
		6A76E1B82A277FF700E824E5 /* MoviesListViewController.swift */ = {isa = PBXFileReference; lastKnownFileType = sourcecode.swift; path = MoviesListViewController.swift; sourceTree = "<group>"; };
		6A76E1BB2A277FF700E824E5 /* Base */ = {isa = PBXFileReference; lastKnownFileType = file.storyboard; name = Base; path = Base.lproj/Main.storyboard; sourceTree = "<group>"; };
		6A76E1CB2A27A8C100E824E5 /* MovieModel.swift */ = {isa = PBXFileReference; lastKnownFileType = sourcecode.swift; path = MovieModel.swift; sourceTree = "<group>"; };
		6AC2E2EB2EA2EA4100217758 /* MoviesList.storyboard */ = {isa = PBXFileReference; lastKnownFileType = file.storyboard; path = MoviesList.storyboard; sourceTree = "<group>"; };
		975EB7FBBFD61442D58D5B74 /* Pods-MovieApp.debug.xcconfig */ = {isa = PBXFileReference; includeInIndex = 1; lastKnownFileType = text.xcconfig; name = "Pods-MovieApp.debug.xcconfig"; path = "Target Support Files/Pods-MovieApp/Pods-MovieApp.debug.xcconfig"; sourceTree = "<group>"; };
/* End PBXFileReference section */

/* Begin PBXFileSystemSynchronizedRootGroup section */
		6A01353D2EA4B84100441703 /* App */ = {isa = PBXFileSystemSynchronizedRootGroup; explicitFileTypes = {}; explicitFolders = (); path = App; sourceTree = "<group>"; };
		6A01353E2EA4B85B00441703 /* Resources */ = {isa = PBXFileSystemSynchronizedRootGroup; explicitFileTypes = {}; explicitFolders = (); path = Resources; sourceTree = "<group>"; };
		6A4B8BD42EA2907200934A7D /* Helpers */ = {isa = PBXFileSystemSynchronizedRootGroup; explicitFileTypes = {}; explicitFolders = (); path = Helpers; sourceTree = "<group>"; };
/* End PBXFileSystemSynchronizedRootGroup section */

/* Begin PBXFrameworksBuildPhase section */
		6A76E1AE2A277FF700E824E5 /* Frameworks */ = {
			isa = PBXFrameworksBuildPhase;
			buildActionMask = 2147483647;
			files = (
				53327A39291B36AA6FAF3C03 /* Pods_MovieApp.framework in Frameworks */,
			);
			runOnlyForDeploymentPostprocessing = 0;
		};
/* End PBXFrameworksBuildPhase section */

/* Begin PBXGroup section */
		079714EA8CF264A14C62318D /* Pods */ = {
			isa = PBXGroup;
			children = (
				975EB7FBBFD61442D58D5B74 /* Pods-MovieApp.debug.xcconfig */,
				55018C7F7BEF0204F511AD9B /* Pods-MovieApp.release.xcconfig */,
			);
			path = Pods;
			sourceTree = "<group>";
		};
		4719C18823C1BFF4D6C46A5D /* Frameworks */ = {
			isa = PBXGroup;
			children = (
				041D32135A2FC9C990A762E5 /* Pods_MovieApp.framework */,
			);
			name = Frameworks;
			sourceTree = "<group>";
		};
		6A4B8BD02EA2871700934A7D /* Login Scene */ = {
			isa = PBXGroup;
			children = (
				6A76E1BA2A277FF700E824E5 /* Main.storyboard */,
				6A13368E2A2CB17D00191662 /* loginViewController.swift */,
			);
			path = "Login Scene";
			sourceTree = "<group>";
		};
		6A4B8BD12EA2875700934A7D /* Detail Scene */ = {
			isa = PBXGroup;
			children = (
				6A76E1CB2A27A8C100E824E5 /* MovieModel.swift */,
				6A234C3E2A2A2DCF00AB2503 /* DetailViewController.swift */,
				6A4B8BD22EA288B000934A7D /* Detail.storyboard */,
			);
			path = "Detail Scene";
			sourceTree = "<group>";
		};
		6A76E1A82A277FF700E824E5 = {
			isa = PBXGroup;
			children = (
				6A76E1B32A277FF700E824E5 /* MovieApp */,
				6A76E1B22A277FF700E824E5 /* Products */,
				079714EA8CF264A14C62318D /* Pods */,
				4719C18823C1BFF4D6C46A5D /* Frameworks */,
			);
			sourceTree = "<group>";
		};
		6A76E1B22A277FF700E824E5 /* Products */ = {
			isa = PBXGroup;
			children = (
				6A76E1B12A277FF700E824E5 /* MovieApp.app */,
			);
			name = Products;
			sourceTree = "<group>";
		};
		6A76E1B32A277FF700E824E5 /* MovieApp */ = {
			isa = PBXGroup;
			children = (
				6A01354A2EA4B9A000441703 /* Info.plist */,
				6A01353D2EA4B84100441703 /* App */,
				6AC2E2ED2EA2ED0200217758 /* Scenes */,
				6A4B8BD42EA2907200934A7D /* Helpers */,
				6A01353E2EA4B85B00441703 /* Resources */,
			);
			path = MovieApp;
			sourceTree = "<group>";
		};
		6AC2E2EA2EA2E97400217758 /* MoviesList Scene */ = {
			isa = PBXGroup;
			children = (
				6A76E1B82A277FF700E824E5 /* MoviesListViewController.swift */,
				6AC2E2EB2EA2EA4100217758 /* MoviesList.storyboard */,
				6A0135532EA4BA4400441703 /* MovieListCollectionViewCell.swift */,
				6A0135542EA4BA4400441703 /* MovieListCollectionViewCell.xib */,
			);
			path = "MoviesList Scene";
			sourceTree = "<group>";
		};
		6AC2E2ED2EA2ED0200217758 /* Scenes */ = {
			isa = PBXGroup;
			children = (
				6AC2E2EA2EA2E97400217758 /* MoviesList Scene */,
				6A4B8BD12EA2875700934A7D /* Detail Scene */,
				6A4B8BD02EA2871700934A7D /* Login Scene */,
			);
			path = Scenes;
			sourceTree = "<group>";
		};
/* End PBXGroup section */

/* Begin PBXNativeTarget section */
		6A76E1B02A277FF700E824E5 /* MovieApp */ = {
			isa = PBXNativeTarget;
			buildConfigurationList = 6A76E1C82A277FF800E824E5 /* Build configuration list for PBXNativeTarget "MovieApp" */;
			buildPhases = (
				E03EF050F2ACB66FF9E94CC8 /* [CP] Check Pods Manifest.lock */,
				6A76E1AD2A277FF700E824E5 /* Sources */,
				6A76E1AE2A277FF700E824E5 /* Frameworks */,
				6A76E1AF2A277FF700E824E5 /* Resources */,
				BB98EA2508BB7A0004FFBCD5 /* [CP] Embed Pods Frameworks */,
			);
			buildRules = (
			);
			dependencies = (
			);
			fileSystemSynchronizedGroups = (
				6A01353D2EA4B84100441703 /* App */,
				6A01353E2EA4B85B00441703 /* Resources */,
				6A4B8BD42EA2907200934A7D /* Helpers */,
			);
			name = MovieApp;
			productName = MovieApp;
			productReference = 6A76E1B12A277FF700E824E5 /* MovieApp.app */;
			productType = "com.apple.product-type.application";
		};
/* End PBXNativeTarget section */

/* Begin PBXProject section */
		6A76E1A92A277FF700E824E5 /* Project object */ = {
			isa = PBXProject;
			attributes = {
				BuildIndependentTargetsInParallel = 1;
				LastSwiftUpdateCheck = 1410;
				LastUpgradeCheck = 1410;
				TargetAttributes = {
					6A76E1B02A277FF700E824E5 = {
						CreatedOnToolsVersion = 14.1;
					};
				};
			};
			buildConfigurationList = 6A76E1AC2A277FF700E824E5 /* Build configuration list for PBXProject "MovieApp" */;
			compatibilityVersion = "Xcode 14.0";
			developmentRegion = en;
			hasScannedForEncodings = 0;
			knownRegions = (
				en,
				Base,
			);
			mainGroup = 6A76E1A82A277FF700E824E5;
			productRefGroup = 6A76E1B22A277FF700E824E5 /* Products */;
			projectDirPath = "";
			projectRoot = "";
			targets = (
				6A76E1B02A277FF700E824E5 /* MovieApp */,
			);
		};
/* End PBXProject section */

/* Begin PBXResourcesBuildPhase section */
		6A76E1AF2A277FF700E824E5 /* Resources */ = {
			isa = PBXResourcesBuildPhase;
			buildActionMask = 2147483647;
			files = (
				6A76E1BC2A277FF700E824E5 /* Main.storyboard in Resources */,
				6AC2E2EC2EA2EA4100217758 /* MoviesList.storyboard in Resources */,
				6A4B8BD32EA288B000934A7D /* Detail.storyboard in Resources */,
				6A0135562EA4BA4400441703 /* MovieListCollectionViewCell.xib in Resources */,
			);
			runOnlyForDeploymentPostprocessing = 0;
		};
/* End PBXResourcesBuildPhase section */

/* Begin PBXShellScriptBuildPhase section */
		BB98EA2508BB7A0004FFBCD5 /* [CP] Embed Pods Frameworks */ = {
			isa = PBXShellScriptBuildPhase;
			buildActionMask = 2147483647;
			files = (
			);
			inputFileListPaths = (
				"${PODS_ROOT}/Target Support Files/Pods-MovieApp/Pods-MovieApp-frameworks-${CONFIGURATION}-input-files.xcfilelist",
			);
			inputPaths = (
			);
			name = "[CP] Embed Pods Frameworks";
			outputFileListPaths = (
				"${PODS_ROOT}/Target Support Files/Pods-MovieApp/Pods-MovieApp-frameworks-${CONFIGURATION}-output-files.xcfilelist",
			);
			outputPaths = (
			);
			runOnlyForDeploymentPostprocessing = 0;
			shellPath = /bin/sh;
			shellScript = "\"${PODS_ROOT}/Target Support Files/Pods-MovieApp/Pods-MovieApp-frameworks.sh\"\n";
			showEnvVarsInLog = 0;
		};
		E03EF050F2ACB66FF9E94CC8 /* [CP] Check Pods Manifest.lock */ = {
			isa = PBXShellScriptBuildPhase;
			buildActionMask = 2147483647;
			files = (
			);
			inputFileListPaths = (
			);
			inputPaths = (
				"${PODS_PODFILE_DIR_PATH}/Podfile.lock",
				"${PODS_ROOT}/Manifest.lock",
			);
			name = "[CP] Check Pods Manifest.lock";
			outputFileListPaths = (
			);
			outputPaths = (
				"$(DERIVED_FILE_DIR)/Pods-MovieApp-checkManifestLockResult.txt",
			);
			runOnlyForDeploymentPostprocessing = 0;
			shellPath = /bin/sh;
			shellScript = "diff \"${PODS_PODFILE_DIR_PATH}/Podfile.lock\" \"${PODS_ROOT}/Manifest.lock\" > /dev/null\nif [ $? != 0 ] ; then\n    # print error to STDERR\n    echo \"error: The sandbox is not in sync with the Podfile.lock. Run 'pod install' or update your CocoaPods installation.\" >&2\n    exit 1\nfi\n# This output is used by Xcode 'outputs' to avoid re-running this script phase.\necho \"SUCCESS\" > \"${SCRIPT_OUTPUT_FILE_0}\"\n";
			showEnvVarsInLog = 0;
		};
/* End PBXShellScriptBuildPhase section */

/* Begin PBXSourcesBuildPhase section */
		6A76E1AD2A277FF700E824E5 /* Sources */ = {
			isa = PBXSourcesBuildPhase;
			buildActionMask = 2147483647;
			files = (
				6A76E1B92A277FF700E824E5 /* MoviesListViewController.swift in Sources */,
				6A13368F2A2CB17D00191662 /* loginViewController.swift in Sources */,
				6A0135552EA4BA4400441703 /* MovieListCollectionViewCell.swift in Sources */,
				6A234C3F2A2A2DCF00AB2503 /* DetailViewController.swift in Sources */,
				6A76E1CC2A27A8C100E824E5 /* MovieModel.swift in Sources */,
			);
			runOnlyForDeploymentPostprocessing = 0;
		};
/* End PBXSourcesBuildPhase section */

/* Begin PBXVariantGroup section */
		6A76E1BA2A277FF700E824E5 /* Main.storyboard */ = {
			isa = PBXVariantGroup;
			children = (
				6A76E1BB2A277FF700E824E5 /* Base */,
			);
			name = Main.storyboard;
			sourceTree = "<group>";
		};
/* End PBXVariantGroup section */

/* Begin XCBuildConfiguration section */
		6A76E1C62A277FF800E824E5 /* Debug */ = {
			isa = XCBuildConfiguration;
			buildSettings = {
				ALWAYS_SEARCH_USER_PATHS = NO;
				CLANG_ANALYZER_NONNULL = YES;
				CLANG_ANALYZER_NUMBER_OBJECT_CONVERSION = YES_AGGRESSIVE;
				CLANG_CXX_LANGUAGE_STANDARD = "gnu++20";
				CLANG_ENABLE_MODULES = YES;
				CLANG_ENABLE_OBJC_ARC = YES;
				CLANG_ENABLE_OBJC_WEAK = YES;
				CLANG_WARN_BLOCK_CAPTURE_AUTORELEASING = YES;
				CLANG_WARN_BOOL_CONVERSION = YES;
				CLANG_WARN_COMMA = YES;
				CLANG_WARN_CONSTANT_CONVERSION = YES;
				CLANG_WARN_DEPRECATED_OBJC_IMPLEMENTATIONS = YES;
				CLANG_WARN_DIRECT_OBJC_ISA_USAGE = YES_ERROR;
				CLANG_WARN_DOCUMENTATION_COMMENTS = YES;
				CLANG_WARN_EMPTY_BODY = YES;
				CLANG_WARN_ENUM_CONVERSION = YES;
				CLANG_WARN_INFINITE_RECURSION = YES;
				CLANG_WARN_INT_CONVERSION = YES;
				CLANG_WARN_NON_LITERAL_NULL_CONVERSION = YES;
				CLANG_WARN_OBJC_IMPLICIT_RETAIN_SELF = YES;
				CLANG_WARN_OBJC_LITERAL_CONVERSION = YES;
				CLANG_WARN_OBJC_ROOT_CLASS = YES_ERROR;
				CLANG_WARN_QUOTED_INCLUDE_IN_FRAMEWORK_HEADER = YES;
				CLANG_WARN_RANGE_LOOP_ANALYSIS = YES;
				CLANG_WARN_STRICT_PROTOTYPES = YES;
				CLANG_WARN_SUSPICIOUS_MOVE = YES;
				CLANG_WARN_UNGUARDED_AVAILABILITY = YES_AGGRESSIVE;
				CLANG_WARN_UNREACHABLE_CODE = YES;
				CLANG_WARN__DUPLICATE_METHOD_MATCH = YES;
				COPY_PHASE_STRIP = NO;
				DEBUG_INFORMATION_FORMAT = dwarf;
				ENABLE_STRICT_OBJC_MSGSEND = YES;
				ENABLE_TESTABILITY = YES;
				GCC_C_LANGUAGE_STANDARD = gnu11;
				GCC_DYNAMIC_NO_PIC = NO;
				GCC_NO_COMMON_BLOCKS = YES;
				GCC_OPTIMIZATION_LEVEL = 0;
				GCC_PREPROCESSOR_DEFINITIONS = (
					"DEBUG=1",
					"$(inherited)",
				);
				GCC_WARN_64_TO_32_BIT_CONVERSION = YES;
				GCC_WARN_ABOUT_RETURN_TYPE = YES_ERROR;
				GCC_WARN_UNDECLARED_SELECTOR = YES;
				GCC_WARN_UNINITIALIZED_AUTOS = YES_AGGRESSIVE;
				GCC_WARN_UNUSED_FUNCTION = YES;
				GCC_WARN_UNUSED_VARIABLE = YES;
				IPHONEOS_DEPLOYMENT_TARGET = 16.1;
				MTL_ENABLE_DEBUG_INFO = INCLUDE_SOURCE;
				MTL_FAST_MATH = YES;
				ONLY_ACTIVE_ARCH = YES;
				SDKROOT = iphoneos;
				SWIFT_ACTIVE_COMPILATION_CONDITIONS = DEBUG;
				SWIFT_OPTIMIZATION_LEVEL = "-Onone";
			};
			name = Debug;
		};
		6A76E1C72A277FF800E824E5 /* Release */ = {
			isa = XCBuildConfiguration;
			buildSettings = {
				ALWAYS_SEARCH_USER_PATHS = NO;
				CLANG_ANALYZER_NONNULL = YES;
				CLANG_ANALYZER_NUMBER_OBJECT_CONVERSION = YES_AGGRESSIVE;
				CLANG_CXX_LANGUAGE_STANDARD = "gnu++20";
				CLANG_ENABLE_MODULES = YES;
				CLANG_ENABLE_OBJC_ARC = YES;
				CLANG_ENABLE_OBJC_WEAK = YES;
				CLANG_WARN_BLOCK_CAPTURE_AUTORELEASING = YES;
				CLANG_WARN_BOOL_CONVERSION = YES;
				CLANG_WARN_COMMA = YES;
				CLANG_WARN_CONSTANT_CONVERSION = YES;
				CLANG_WARN_DEPRECATED_OBJC_IMPLEMENTATIONS = YES;
				CLANG_WARN_DIRECT_OBJC_ISA_USAGE = YES_ERROR;
				CLANG_WARN_DOCUMENTATION_COMMENTS = YES;
				CLANG_WARN_EMPTY_BODY = YES;
				CLANG_WARN_ENUM_CONVERSION = YES;
				CLANG_WARN_INFINITE_RECURSION = YES;
				CLANG_WARN_INT_CONVERSION = YES;
				CLANG_WARN_NON_LITERAL_NULL_CONVERSION = YES;
				CLANG_WARN_OBJC_IMPLICIT_RETAIN_SELF = YES;
				CLANG_WARN_OBJC_LITERAL_CONVERSION = YES;
				CLANG_WARN_OBJC_ROOT_CLASS = YES_ERROR;
				CLANG_WARN_QUOTED_INCLUDE_IN_FRAMEWORK_HEADER = YES;
				CLANG_WARN_RANGE_LOOP_ANALYSIS = YES;
				CLANG_WARN_STRICT_PROTOTYPES = YES;
				CLANG_WARN_SUSPICIOUS_MOVE = YES;
				CLANG_WARN_UNGUARDED_AVAILABILITY = YES_AGGRESSIVE;
				CLANG_WARN_UNREACHABLE_CODE = YES;
				CLANG_WARN__DUPLICATE_METHOD_MATCH = YES;
				COPY_PHASE_STRIP = NO;
				DEBUG_INFORMATION_FORMAT = "dwarf-with-dsym";
				ENABLE_NS_ASSERTIONS = NO;
				ENABLE_STRICT_OBJC_MSGSEND = YES;
				GCC_C_LANGUAGE_STANDARD = gnu11;
				GCC_NO_COMMON_BLOCKS = YES;
				GCC_WARN_64_TO_32_BIT_CONVERSION = YES;
				GCC_WARN_ABOUT_RETURN_TYPE = YES_ERROR;
				GCC_WARN_UNDECLARED_SELECTOR = YES;
				GCC_WARN_UNINITIALIZED_AUTOS = YES_AGGRESSIVE;
				GCC_WARN_UNUSED_FUNCTION = YES;
				GCC_WARN_UNUSED_VARIABLE = YES;
				IPHONEOS_DEPLOYMENT_TARGET = 16.1;
				MTL_ENABLE_DEBUG_INFO = NO;
				MTL_FAST_MATH = YES;
				SDKROOT = iphoneos;
				SWIFT_COMPILATION_MODE = wholemodule;
				SWIFT_OPTIMIZATION_LEVEL = "-O";
				VALIDATE_PRODUCT = YES;
			};
			name = Release;
		};
		6A76E1C92A277FF800E824E5 /* Debug */ = {
			isa = XCBuildConfiguration;
			baseConfigurationReference = 975EB7FBBFD61442D58D5B74 /* Pods-MovieApp.debug.xcconfig */;
			buildSettings = {
				ASSETCATALOG_COMPILER_APPICON_NAME = AppIcon;
				ASSETCATALOG_COMPILER_GLOBAL_ACCENT_COLOR_NAME = AccentColor;
				CODE_SIGN_STYLE = Automatic;
				CURRENT_PROJECT_VERSION = 1;
				GENERATE_INFOPLIST_FILE = YES;
				INFOPLIST_FILE = MovieApp/Info.plist;
				INFOPLIST_KEY_UIApplicationSupportsIndirectInputEvents = YES;
				INFOPLIST_KEY_UILaunchStoryboardName = LaunchScreen;
				INFOPLIST_KEY_UIMainStoryboardFile = Main;
				INFOPLIST_KEY_UISupportedInterfaceOrientations = UIInterfaceOrientationPortrait;
				LD_RUNPATH_SEARCH_PATHS = (
					"$(inherited)",
					"@executable_path/Frameworks",
				);
				MARKETING_VERSION = 1.0;
				PRODUCT_BUNDLE_IDENTIFIER = "self-hesham.MovieApp";
				PRODUCT_NAME = "$(TARGET_NAME)";
				SWIFT_EMIT_LOC_STRINGS = YES;
				SWIFT_VERSION = 5.0;
				TARGETED_DEVICE_FAMILY = "1,2";
			};
			name = Debug;
		};
		6A76E1CA2A277FF800E824E5 /* Release */ = {
			isa = XCBuildConfiguration;
			baseConfigurationReference = 55018C7F7BEF0204F511AD9B /* Pods-MovieApp.release.xcconfig */;
			buildSettings = {
				ASSETCATALOG_COMPILER_APPICON_NAME = AppIcon;
				ASSETCATALOG_COMPILER_GLOBAL_ACCENT_COLOR_NAME = AccentColor;
				CODE_SIGN_STYLE = Automatic;
				CURRENT_PROJECT_VERSION = 1;
				GENERATE_INFOPLIST_FILE = YES;
				INFOPLIST_FILE = MovieApp/Info.plist;
				INFOPLIST_KEY_UIApplicationSupportsIndirectInputEvents = YES;
				INFOPLIST_KEY_UILaunchStoryboardName = LaunchScreen;
				INFOPLIST_KEY_UIMainStoryboardFile = Main;
				INFOPLIST_KEY_UISupportedInterfaceOrientations = UIInterfaceOrientationPortrait;
				LD_RUNPATH_SEARCH_PATHS = (
					"$(inherited)",
					"@executable_path/Frameworks",
				);
				MARKETING_VERSION = 1.0;
				PRODUCT_BUNDLE_IDENTIFIER = "self-hesham.MovieApp";
				PRODUCT_NAME = "$(TARGET_NAME)";
				SWIFT_EMIT_LOC_STRINGS = YES;
				SWIFT_VERSION = 5.0;
				TARGETED_DEVICE_FAMILY = "1,2";
			};
			name = Release;
		};
/* End XCBuildConfiguration section */

/* Begin XCConfigurationList section */
		6A76E1AC2A277FF700E824E5 /* Build configuration list for PBXProject "MovieApp" */ = {
			isa = XCConfigurationList;
			buildConfigurations = (
				6A76E1C62A277FF800E824E5 /* Debug */,
				6A76E1C72A277FF800E824E5 /* Release */,
			);
			defaultConfigurationIsVisible = 0;
			defaultConfigurationName = Release;
		};
		6A76E1C82A277FF800E824E5 /* Build configuration list for PBXNativeTarget "MovieApp" */ = {
			isa = XCConfigurationList;
			buildConfigurations = (
				6A76E1C92A277FF800E824E5 /* Debug */,
				6A76E1CA2A277FF800E824E5 /* Release */,
			);
			defaultConfigurationIsVisible = 0;
			defaultConfigurationName = Release;
		};
/* End XCConfigurationList section */
	};
	rootObject = 6A76E1A92A277FF700E824E5 /* Project object */;
}
